{
  "name": "hbfwd",
  "version": "1.0.0",
  "lockfileVersion": 1,
  "requires": true,
  "dependencies": {
    "dayjs": {
      "version": "1.10.4",
      "resolved": "https://registry.npm.taobao.org/dayjs/download/dayjs-1.10.4.tgz",
      "integrity": "sha1-jlRKm4aD9heD9XCYCoqA6vVKseI="
    },
    "weui-miniprogram": {
      "version": "1.0.7",
      "resolved": "https://registry.npm.taobao.org/weui-miniprogram/download/weui-miniprogram-1.0.7.tgz",
      "integrity": "sha1-b8B1eJbbXMWrPZfe/uiWagrg/7Y="
    }
  }
}
